// !$*UTF8*$!
{
	archiveVersion = 1;
	classes = {
	};
	objectVersion = 50;
	objects = {

/* Begin PBXBuildFile section */
		3A7BEF2F2107269D00EAA3F7 /* AppDelegate.swift in Sources */ = {isa = PBXBuildFile; fileRef = 3A7BEF2E2107269D00EAA3F7 /* AppDelegate.swift */; };
		3A7BEF312107269D00EAA3F7 /* ViewController.swift in Sources */ = {isa = PBXBuildFile; fileRef = 3A7BEF302107269D00EAA3F7 /* ViewController.swift */; };
		3A7BEF342107269D00EAA3F7 /* Main.storyboard in Resources */ = {isa = PBXBuildFile; fileRef = 3A7BEF322107269D00EAA3F7 /* Main.storyboard */; };
		3A7BEF362107269E00EAA3F7 /* Assets.xcassets in Resources */ = {isa = PBXBuildFile; fileRef = 3A7BEF352107269E00EAA3F7 /* Assets.xcassets */; };
		3A7BEF392107269E00EAA3F7 /* LaunchScreen.storyboard in Resources */ = {isa = PBXBuildFile; fileRef = 3A7BEF372107269E00EAA3F7 /* LaunchScreen.storyboard */; };
		3A7BEF41210726B500EAA3F7 /* SomeManager.swift in Sources */ = {isa = PBXBuildFile; fileRef = 3A7BEF40210726B500EAA3F7 /* SomeManager.swift */; };
/* End PBXBuildFile section */

/* Begin PBXFileReference section */
		3A7BEF2B2107269D00EAA3F7 /* CrashReport.app */ = {isa = PBXFileReference; explicitFileType = wrapper.application; includeInIndex = 0; path = CrashReport.app; sourceTree = BUILT_PRODUCTS_DIR; };
		3A7BEF2E2107269D00EAA3F7 /* AppDelegate.swift */ = {isa = PBXFileReference; lastKnownFileType = sourcecode.swift; path = AppDelegate.swift; sourceTree = "<group>"; };
		3A7BEF302107269D00EAA3F7 /* ViewController.swift */ = {isa = PBXFileReference; lastKnownFileType = sourcecode.swift; path = ViewController.swift; sourceTree = "<group>"; };
		3A7BEF332107269D00EAA3F7 /* Base */ = {isa = PBXFileReference; lastKnownFileType = file.storyboard; name = Base; path = Base.lproj/Main.storyboard; sourceTree = "<group>"; };
		3A7BEF352107269E00EAA3F7 /* Assets.xcassets */ = {isa = PBXFileReference; lastKnownFileType = folder.assetcatalog; path = Assets.xcassets; sourceTree = "<group>"; };
		3A7BEF382107269E00EAA3F7 /* Base */ = {isa = PBXFileReference; lastKnownFileType = file.storyboard; name = Base; path = Base.lproj/LaunchScreen.storyboard; sourceTree = "<group>"; };
		3A7BEF3A2107269E00EAA3F7 /* Info.plist */ = {isa = PBXFileReference; lastKnownFileType = text.plist.xml; path = Info.plist; sourceTree = "<group>"; };
		3A7BEF40210726B500EAA3F7 /* SomeManager.swift */ = {isa = PBXFileReference; lastKnownFileType = sourcecode.swift; path = SomeManager.swift; sourceTree = "<group>"; tabWidth = 5; };
/* End PBXFileReference section */

/* Begin PBXFrameworksBuildPhase section */
		3A7BEF282107269D00EAA3F7 /* Frameworks */ = {
			isa = PBXFrameworksBuildPhase;
			buildActionMask = 2147483647;
			files = (
			);
			runOnlyForDeploymentPostprocessing = 0;
		};
/* End PBXFrameworksBuildPhase section */

/* Begin PBXGroup section */
		3A7BEF222107269D00EAA3F7 = {
			isa = PBXGroup;
			children = (
				3A7BEF2D2107269D00EAA3F7 /* CrashReport */,
				3A7BEF2C2107269D00EAA3F7 /* Products */,
			);
			sourceTree = "<group>";
		};
		3A7BEF2C2107269D00EAA3F7 /* Products */ = {
			isa = PBXGroup;
			children = (
				3A7BEF2B2107269D00EAA3F7 /* CrashReport.app */,
			);
			name = Products;
			sourceTree = "<group>";
		};
		3A7BEF2D2107269D00EAA3F7 /* CrashReport */ = {
			isa = PBXGroup;
			children = (
				3A7BEF2E2107269D00EAA3F7 /* AppDelegate.swift */,
				3A7BEF302107269D00EAA3F7 /* ViewController.swift */,
				3A7BEF40210726B500EAA3F7 /* SomeManager.swift */,
				3A7BEF322107269D00EAA3F7 /* Main.storyboard */,
				3A7BEF352107269E00EAA3F7 /* Assets.xcassets */,
				3A7BEF372107269E00EAA3F7 /* LaunchScreen.storyboard */,
				3A7BEF3A2107269E00EAA3F7 /* Info.plist */,
			);
			path = CrashReport;
			sourceTree = "<group>";
		};
/* End PBXGroup section */

/* Begin PBXNativeTarget section */
		3A7BEF2A2107269D00EAA3F7 /* CrashReport */ = {
			isa = PBXNativeTarget;
			buildConfigurationList = 3A7BEF3D2107269E00EAA3F7 /* Build configuration list for PBXNativeTarget "CrashReport" */;
			buildPhases = (
				3A7BEF272107269D00EAA3F7 /* Sources */,
				3A7BEF282107269D00EAA3F7 /* Frameworks */,
				3A7BEF292107269D00EAA3F7 /* Resources */,
			);
			buildRules = (
			);
			dependencies = (
			);
			name = CrashReport;
			productName = CrashReport;
			productReference = 3A7BEF2B2107269D00EAA3F7 /* CrashReport.app */;
			productType = "com.apple.product-type.application";
		};
/* End PBXNativeTarget section */

/* Begin PBXProject section */
		3A7BEF232107269D00EAA3F7 /* Project object */ = {
			isa = PBXProject;
			attributes = {
				LastSwiftUpdateCheck = 0940;
				LastUpgradeCheck = 0940;
				ORGANIZATIONNAME = Talka_Ying;
				TargetAttributes = {
					3A7BEF2A2107269D00EAA3F7 = {
						CreatedOnToolsVersion = 9.4.1;
					};
				};
			};
			buildConfigurationList = 3A7BEF262107269D00EAA3F7 /* Build configuration list for PBXProject "CrashReport" */;
			compatibilityVersion = "Xcode 9.3";
			developmentRegion = en;
			hasScannedForEncodings = 0;
			knownRegions = (
				en,
				Base,
			);
			mainGroup = 3A7BEF222107269D00EAA3F7;
			productRefGroup = 3A7BEF2C2107269D00EAA3F7 /* Products */;
			projectDirPath = "";
			projectRoot = "";
			targets = (
				3A7BEF2A2107269D00EAA3F7 /* CrashReport */,
			);
		};
/* End PBXProject section */

/* Begin PBXResourcesBuildPhase section */
		3A7BEF292107269D00EAA3F7 /* Resources */ = {
			isa = PBXResourcesBuildPhase;
			buildActionMask = 2147483647;
			files = (
				3A7BEF392107269E00EAA3F7 /* LaunchScreen.storyboard in Resources */,
				3A7BEF362107269E00EAA3F7 /* Assets.xcassets in Resources */,
				3A7BEF342107269D00EAA3F7 /* Main.storyboard in Resources */,
			);
			runOnlyForDeploymentPostprocessing = 0;
		};
/* End PBXResourcesBuildPhase section */

/* Begin PBXSourcesBuildPhase section */
		3A7BEF272107269D00EAA3F7 /* Sources */ = {
			isa = PBXSourcesBuildPhase;
			buildActionMask = 2147483647;
			files = (
				3A7BEF312107269D00EAA3F7 /* ViewController.swift in Sources */,
				3A7BEF41210726B500EAA3F7 /* SomeManager.swift in Sources */,
				3A7BEF2F2107269D00EAA3F7 /* AppDelegate.swift in Sources */,
			);
			runOnlyForDeploymentPostprocessing = 0;
		};
/* End PBXSourcesBuildPhase section */

/* Begin PBXVariantGroup section */
		3A7BEF322107269D00EAA3F7 /* Main.storyboard */ = {
			isa = PBXVariantGroup;
			children = (
				3A7BEF332107269D00EAA3F7 /* Base */,
			);
			name = Main.storyboard;
			sourceTree = "<group>";
		};
		3A7BEF372107269E00EAA3F7 /* LaunchScreen.storyboard */ = {
			isa = PBXVariantGroup;
			children = (
				3A7BEF382107269E00EAA3F7 /* Base */,
			);
			name = LaunchScreen.storyboard;
			sourceTree = "<group>";
		};
/* End PBXVariantGroup section */

/* Begin XCBuildConfiguration section */
		3A7BEF3B2107269E00EAA3F7 /* Debug */ = {
			isa = XCBuildConfiguration;
			buildSettings = {
				ALWAYS_SEARCH_USER_PATHS = NO;
				CLANG_ANALYZER_NONNULL = YES;
				CLANG_ANALYZER_NUMBER_OBJECT_CONVERSION = YES_AGGRESSIVE;
				CLANG_CXX_LANGUAGE_STANDARD = "gnu++14";
				CLANG_CXX_LIBRARY = "libc++";
				CLANG_ENABLE_MODULES = YES;
				CLANG_ENABLE_OBJC_ARC = YES;
				CLANG_ENABLE_OBJC_WEAK = YES;
				CLANG_WARN_BLOCK_CAPTURE_AUTORELEASING = YES;
				CLANG_WARN_BOOL_CONVERSION = YES;
				CLANG_WARN_COMMA = YES;
				CLANG_WARN_CONSTANT_CONVERSION = YES;
				CLANG_WARN_DEPRECATED_OBJC_IMPLEMENTATIONS = YES;
				CLANG_WARN_DIRECT_OBJC_ISA_USAGE = YES_ERROR;
				CLANG_WARN_DOCUMENTATION_COMMENTS = YES;
				CLANG_WARN_EMPTY_BODY = YES;
				CLANG_WARN_ENUM_CONVERSION = YES;
				CLANG_WARN_INFINITE_RECURSION = YES;
				CLANG_WARN_INT_CONVERSION = YES;
				CLANG_WARN_NON_LITERAL_NULL_CONVERSION = YES;
				CLANG_WARN_OBJC_IMPLICIT_RETAIN_SELF = YES;
				CLANG_WARN_OBJC_LITERAL_CONVERSION = YES;
				CLANG_WARN_OBJC_ROOT_CLASS = YES_ERROR;
				CLANG_WARN_RANGE_LOOP_ANALYSIS = YES;
				CLANG_WARN_STRICT_PROTOTYPES = YES;
				CLANG_WARN_SUSPICIOUS_MOVE = YES;
				CLANG_WARN_UNGUARDED_AVAILABILITY = YES_AGGRESSIVE;
				CLANG_WARN_UNREACHABLE_CODE = YES;
				CLANG_WARN__DUPLICATE_METHOD_MATCH = YES;
				CODE_SIGN_IDENTITY = "iPhone Developer";
				COPY_PHASE_STRIP = NO;
				DEBUG_INFORMATION_FORMAT = dwarf;
				ENABLE_STRICT_OBJC_MSGSEND = YES;
				ENABLE_TESTABILITY = YES;
				GCC_C_LANGUAGE_STANDARD = gnu11;
				GCC_DYNAMIC_NO_PIC = NO;
				GCC_NO_COMMON_BLOCKS = YES;
				GCC_OPTIMIZATION_LEVEL = 0;
				GCC_PREPROCESSOR_DEFINITIONS = (
					"DEBUG=1",
					"$(inherited)",
				);
				GCC_WARN_64_TO_32_BIT_CONVERSION = YES;
				GCC_WARN_ABOUT_RETURN_TYPE = YES_ERROR;
				GCC_WARN_UNDECLARED_SELECTOR = YES;
				GCC_WARN_UNINITIALIZED_AUTOS = YES_AGGRESSIVE;
				GCC_WARN_UNUSED_FUNCTION = YES;
				GCC_WARN_UNUSED_VARIABLE = YES;
				IPHONEOS_DEPLOYMENT_TARGET = 11.4;
				MTL_ENABLE_DEBUG_INFO = YES;
				ONLY_ACTIVE_ARCH = YES;
				SDKROOT = iphoneos;
				SWIFT_ACTIVE_COMPILATION_CONDITIONS = DEBUG;
				SWIFT_OPTIMIZATION_LEVEL = "-Onone";
			};
			name = Debug;
		};
		3A7BEF3C2107269E00EAA3F7 /* Release */ = {
			isa = XCBuildConfiguration;
			buildSettings = {
				ALWAYS_SEARCH_USER_PATHS = NO;
				CLANG_ANALYZER_NONNULL = YES;
				CLANG_ANALYZER_NUMBER_OBJECT_CONVERSION = YES_AGGRESSIVE;
				CLANG_CXX_LANGUAGE_STANDARD = "gnu++14";
				CLANG_CXX_LIBRARY = "libc++";
				CLANG_ENABLE_MODULES = YES;
				CLANG_ENABLE_OBJC_ARC = YES;
				CLANG_ENABLE_OBJC_WEAK = YES;
				CLANG_WARN_BLOCK_CAPTURE_AUTORELEASING = YES;
				CLANG_WARN_BOOL_CONVERSION = YES;
				CLANG_WARN_COMMA = YES;
				CLANG_WARN_CONSTANT_CONVERSION = YES;
				CLANG_WARN_DEPRECATED_OBJC_IMPLEMENTATIONS = YES;
				CLANG_WARN_DIRECT_OBJC_ISA_USAGE = YES_ERROR;
				CLANG_WARN_DOCUMENTATION_COMMENTS = YES;
				CLANG_WARN_EMPTY_BODY = YES;
				CLANG_WARN_ENUM_CONVERSION = YES;
				CLANG_WARN_INFINITE_RECURSION = YES;
				CLANG_WARN_INT_CONVERSION = YES;
				CLANG_WARN_NON_LITERAL_NULL_CONVERSION = YES;
				CLANG_WARN_OBJC_IMPLICIT_RETAIN_SELF = YES;
				CLANG_WARN_OBJC_LITERAL_CONVERSION = YES;
				CLANG_WARN_OBJC_ROOT_CLASS = YES_ERROR;
				CLANG_WARN_RANGE_LOOP_ANALYSIS = YES;
				CLANG_WARN_STRICT_PROTOTYPES = YES;
				CLANG_WARN_SUSPICIOUS_MOVE = YES;
				CLANG_WARN_UNGUARDED_AVAILABILITY = YES_AGGRESSIVE;
				CLANG_WARN_UNREACHABLE_CODE = YES;
				CLANG_WARN__DUPLICATE_METHOD_MATCH = YES;
				CODE_SIGN_IDENTITY = "iPhone Developer";
				COPY_PHASE_STRIP = NO;
				DEBUG_INFORMATION_FORMAT = "dwarf-with-dsym";
				ENABLE_NS_ASSERTIONS = NO;
				ENABLE_STRICT_OBJC_MSGSEND = YES;
				GCC_C_LANGUAGE_STANDARD = gnu11;
				GCC_NO_COMMON_BLOCKS = YES;
				GCC_WARN_64_TO_32_BIT_CONVERSION = YES;
				GCC_WARN_ABOUT_RETURN_TYPE = YES_ERROR;
				GCC_WARN_UNDECLARED_SELECTOR = YES;
				GCC_WARN_UNINITIALIZED_AUTOS = YES_AGGRESSIVE;
				GCC_WARN_UNUSED_FUNCTION = YES;
				GCC_WARN_UNUSED_VARIABLE = YES;
				IPHONEOS_DEPLOYMENT_TARGET = 11.4;
				MTL_ENABLE_DEBUG_INFO = NO;
				SDKROOT = iphoneos;
				SWIFT_COMPILATION_MODE = wholemodule;
				SWIFT_OPTIMIZATION_LEVEL = "-O";
				VALIDATE_PRODUCT = YES;
			};
			name = Release;
		};
		3A7BEF3E2107269E00EAA3F7 /* Debug */ = {
			isa = XCBuildConfiguration;
			buildSettings = {
				ASSETCATALOG_COMPILER_APPICON_NAME = AppIcon;
				CODE_SIGN_STYLE = Automatic;
				DEVELOPMENT_TEAM = 77HT6AC98W;
				INFOPLIST_FILE = CrashReport/Info.plist;
				LD_RUNPATH_SEARCH_PATHS = (
					"$(inherited)",
					"@executable_path/Frameworks",
				);
				PRODUCT_BUNDLE_IDENTIFIER = Talka.CrashReport;
				PRODUCT_NAME = "$(TARGET_NAME)";
				SWIFT_VERSION = 4.0;
				TARGETED_DEVICE_FAMILY = "1,2";
			};
			name = Debug;
		};
		3A7BEF3F2107269E00EAA3F7 /* Release */ = {
			isa = XCBuildConfiguration;
			buildSettings = {
				ASSETCATALOG_COMPILER_APPICON_NAME = AppIcon;
				CODE_SIGN_STYLE = Automatic;
				DEVELOPMENT_TEAM = 77HT6AC98W;
				INFOPLIST_FILE = CrashReport/Info.plist;
				LD_RUNPATH_SEARCH_PATHS = (
					"$(inherited)",
					"@executable_path/Frameworks",
				);
				PRODUCT_BUNDLE_IDENTIFIER = Talka.CrashReport;
				PRODUCT_NAME = "$(TARGET_NAME)";
				SWIFT_VERSION = 4.0;
				TARGETED_DEVICE_FAMILY = "1,2";
			};
			name = Release;
		};
/* End XCBuildConfiguration section */

/* Begin XCConfigurationList section */
		3A7BEF262107269D00EAA3F7 /* Build configuration list for PBXProject "CrashReport" */ = {
			isa = XCConfigurationList;
			buildConfigurations = (
				3A7BEF3B2107269E00EAA3F7 /* Debug */,
				3A7BEF3C2107269E00EAA3F7 /* Release */,
			);
			defaultConfigurationIsVisible = 0;
			defaultConfigurationName = Release;
		};
		3A7BEF3D2107269E00EAA3F7 /* Build configuration list for PBXNativeTarget "CrashReport" */ = {
			isa = XCConfigurationList;
			buildConfigurations = (
				3A7BEF3E2107269E00EAA3F7 /* Debug */,
				3A7BEF3F2107269E00EAA3F7 /* Release */,
			);
			defaultConfigurationIsVisible = 0;
			defaultConfigurationName = Release;
		};
/* End XCConfigurationList section */
	};
	rootObject = 3A7BEF232107269D00EAA3F7 /* Project object */;
}
